github.com/google/uuid v1.6.0 h1:NIvaJDMOsjHA8n1jAhLSgzrAzy1Hgr+hNrb57e+94F0=
github.com/google/uuid v1.6.0/go.mod h1:TIyPZe4MgqvfeYDBFedMoGGpEw/LqOeaOT+nhxU+yHo=
github.com/jefferyjob/go-easy-utils v1.2.0 h1:QkFRjTNM0kCFlWK8oaQ2+C3fU+q/WfNf/fnUMNlLwdw=
github.com/jefferyjob/go-easy-utils v1.2.0/go.mod h1:/tAMjm+7xnlNXMHA3pACGiRvHPyh+Bk7TimiZEvqgCs=
